{
    "format_version": "1.2",
    "terraform_version": "1.9.7",
    "planned_values": {
        "outputs": {
            "random_string_value": {
                "sensitive": false
            }
        },
        "root_module": {
            "resources": [
                {
                    "address": "random_string.example[0]",
                    "mode": "managed",
                    "type": "random_string",
                    "name": "example",
                    "index": 0,
                    "provider_name": "registry.terraform.io/hashicorp/random",
                    "schema_version": 2,
                    "values": {
                        "keepers": null,
                        "length": 16,
                        "lower": true,
                        "min_lower": 0,
                        "min_numeric": 0,
                        "min_special": 0,
                        "min_upper": 0,
                        "number": true,
                        "numeric": true,
                        "override_special": null,
                        "special": false,
                        "upper": true
                    },
                    "sensitive_values": {}
                },
                {
                    "address": "random_string.example[1]",
                    "mode": "managed",
                    "type": "random_string",
                    "name": "example",
                    "index": 1,
                    "provider_name": "registry.terraform.io/hashicorp/random",
                    "schema_version": 2,
                    "values": {
                        "keepers": null,
                        "length": 16,
                        "lower": true,
                        "min_lower": 0,
                        "min_numeric": 0,
                        "min_special": 0,
                        "min_upper": 0,
                        "number": true,
                        "numeric": true,
                        "override_special": null,
                        "special": false,
                        "upper": true
                    },
                    "sensitive_values": {}
                },
                {
                    "address": "random_string.example[2]",
                    "mode": "managed",
                    "type": "random_string",
                    "name": "example",
                    "index": 2,
                    "provider_name": "registry.terraform.io/hashicorp/random",
                    "schema_version": 2,
                    "values": {
                        "keepers": null,
                        "length": 16,
                        "lower": true,
                        "min_lower": 0,
                        "min_numeric": 0,
                        "min_special": 0,
                        "min_upper": 0,
                        "number": true,
                        "numeric": true,
                        "override_special": null,
                        "special": false,
                        "upper": true
                    },
                    "sensitive_values": {}
                },
                {
                    "address": "random_string.example[3]",
                    "mode": "managed",
                    "type": "random_string",
                    "name": "example",
                    "index": 3,
                    "provider_name": "registry.terraform.io/hashicorp/random",
                    "schema_version": 2,
                    "values": {
                        "keepers": null,
                        "length": 16,
                        "lower": true,
                        "min_lower": 0,
                        "min_numeric": 0,
                        "min_special": 0,
                        "min_upper": 0,
                        "number": true,
                        "numeric": true,
                        "override_special": null,
                        "special": false,
                        "upper": true
                    },
                    "sensitive_values": {}
                }
            ]
        }
    },
    "resource_changes": [
        {
            "address": "random_string.example[0]",
            "mode": "managed",
            "type": "random_string",
            "name": "example",
            "index": 0,
            "provider_name": "registry.terraform.io/hashicorp/random",
            "change": {
                "actions": [
                    "create"
                ],
                "before": null,
                "after": {
                    "keepers": null,
                    "length": 16,
                    "lower": true,
                    "min_lower": 0,
                    "min_numeric": 0,
                    "min_special": 0,
                    "min_upper": 0,
                    "number": true,
                    "numeric": true,
                    "override_special": null,
                    "special": false,
                    "upper": true
                },
                "after_unknown": {
                    "id": true,
                    "result": true
                },
                "before_sensitive": false,
                "after_sensitive": {}
            }
        },
        {
            "address": "random_string.example[1]",
            "mode": "managed",
            "type": "random_string",
            "name": "example",
            "index": 1,
            "provider_name": "registry.terraform.io/hashicorp/random",
            "change": {
                "actions": [
                    "create"
                ],
                "before": null,
                "after": {
                    "keepers": null,
                    "length": 16,
                    "lower": true,
                    "min_lower": 0,
                    "min_numeric": 0,
                    "min_special": 0,
                    "min_upper": 0,
                    "number": true,
                    "numeric": true,
                    "override_special": null,
                    "special": false,
                    "upper": true
                },
                "after_unknown": {
                    "id": true,
                    "result": true
                },
                "before_sensitive": false,
                "after_sensitive": {}
            }
        },
        {
            "address": "random_string.example[2]",
            "mode": "managed",
            "type": "random_string",
            "name": "example",
            "index": 2,
            "provider_name": "registry.terraform.io/hashicorp/random",
            "change": {
                "actions": [
                    "create"
                ],
                "before": null,
                "after": {
                    "keepers": null,
                    "length": 16,
                    "lower": true,
                    "min_lower": 0,
                    "min_numeric": 0,
                    "min_special": 0,
                    "min_upper": 0,
                    "number": true,
                    "numeric": true,
                    "override_special": null,
                    "special": false,
                    "upper": true
                },
                "after_unknown": {
                    "id": true,
                    "result": true
                },
                "before_sensitive": false,
                "after_sensitive": {}
            }
        },
        {
            "address": "random_string.example[3]",
            "mode": "managed",
            "type": "random_string",
            "name": "example",
            "index": 3,
            "provider_name": "registry.terraform.io/hashicorp/random",
            "change": {
                "actions": [
                    "create"
                ],
                "before": null,
                "after": {
                    "keepers": null,
                    "length": 16,
                    "lower": true,
                    "min_lower": 0,
                    "min_numeric": 0,
                    "min_special": 0,
                    "min_upper": 0,
                    "number": true,
                    "numeric": true,
                    "override_special": null,
                    "special": false,
                    "upper": true
                },
                "after_unknown": {
                    "id": true,
                    "result": true
                },
                "before_sensitive": false,
                "after_sensitive": {}
            }
        }
    ],
    "output_changes": {
        "random_string_value": {
            "actions": [
                "create"
            ],
            "before": null,
            "after": [
                null,
                null,
                null,
                null
            ],
            "after_unknown": [
                true,
                true,
                true,
                true
            ],
            "before_sensitive": false,
            "after_sensitive": false
        }
    },
    "configuration": {
        "provider_config": {
            "random": {
                "name": "random",
                "full_name": "registry.terraform.io/hashicorp/random",
                "version_constraint": "~\u003e 3.0"
            }
        },
        "root_module": {
            "outputs": {
                "random_string_value": {
                    "expression": {
                        "references": [
                            "random_string.example"
                        ]
                    },
                    "description": "The generated random string"
                }
            },
            "resources": [
                {
                    "address": "random_string.example",
                    "mode": "managed",
                    "type": "random_string",
                    "name": "example",
                    "provider_config_key": "random",
                    "expressions": {
                        "length": {
                            "constant_value": 16
                        },
                        "lower": {
                            "constant_value": true
                        },
                        "number": {
                            "constant_value": true
                        },
                        "special": {
                            "constant_value": false
                        },
                        "upper": {
                            "constant_value": true
                        }
                    },
                    "schema_version": 2,
                    "count_expression": {
                        "constant_value": 4
                    }
                }
            ]
        }
    },
    "relevant_attributes": [
        {
            "resource": "random_string.example",
            "attribute": []
        }
    ],
    "timestamp": "2024-10-24T20:34:13Z",
    "applyable": true,
    "complete": true,
    "errored": false
}